PODS:
  - flutter_image_compress_macos (1.0.0):
    - FlutterMacOS
  - flutter_js (0.0.1):
    - FlutterMacOS
  - flutter_webrtc (1.2.0):
    - FlutterMacOS
    - WebRTC-SDK (= 137.7151.04)
  - FlutterMacOS (1.0.0)
  - irondash_engine_context (0.0.1):
    - FlutterMacOS
  - livekit_client (2.5.4):
    - flutter_webrtc
    - FlutterMacOS
    - WebRTC-SDK (= 137.7151.04)
  - super_native_extensions (0.0.1):
    - FlutterMacOS
  - WebRTC-SDK (137.7151.04)
  - window_to_front (0.0.1):
    - FlutterMacOS

DEPENDENCIES:
  - flutter_image_compress_macos (from `Flutter/ephemeral/.symlinks/plugins/flutter_image_compress_macos/macos`)
  - flutter_js (from `Flutter/ephemeral/.symlinks/plugins/flutter_js/macos`)
  - flutter_webrtc (from `Flutter/ephemeral/.symlinks/plugins/flutter_webrtc/macos`)
  - FlutterMacOS (from `Flutter/ephemeral`)
  - irondash_engine_context (from `Flutter/ephemeral/.symlinks/plugins/irondash_engine_context/macos`)
  - livekit_client (from `Flutter/ephemeral/.symlinks/plugins/livekit_client/macos`)
  - super_native_extensions (from `Flutter/ephemeral/.symlinks/plugins/super_native_extensions/macos`)
  - window_to_front (from `Flutter/ephemeral/.symlinks/plugins/window_to_front/macos`)

SPEC REPOS:
  trunk:
    - WebRTC-SDK

EXTERNAL SOURCES:
  flutter_image_compress_macos:
    :path: Flutter/ephemeral/.symlinks/plugins/flutter_image_compress_macos/macos
  flutter_js:
    :path: Flutter/ephemeral/.symlinks/plugins/flutter_js/macos
  flutter_webrtc:
    :path: Flutter/ephemeral/.symlinks/plugins/flutter_webrtc/macos
  FlutterMacOS:
    :path: Flutter/ephemeral
  irondash_engine_context:
    :path: Flutter/ephemeral/.symlinks/plugins/irondash_engine_context/macos
  livekit_client:
    :path: Flutter/ephemeral/.symlinks/plugins/livekit_client/macos
  super_native_extensions:
    :path: Flutter/ephemeral/.symlinks/plugins/super_native_extensions/macos
  window_to_front:
    :path: Flutter/ephemeral/.symlinks/plugins/window_to_front/macos

SPEC CHECKSUMS:
  flutter_image_compress_macos: e68daf54bb4bf2144c580fd4d151c949cbf492f0
  flutter_js: 79c3c70d33ba464c67d8eb88639a61aa718cd8b8
  flutter_webrtc: 718eae22a371cd94e5d56aa4f301443ebc5bb737
  FlutterMacOS: d0db08ddef1a9af05a5ec4b724367152bb0500b1
  irondash_engine_context: 893c7d96d20ce361d7e996f39d360c4c2f9869ba
  livekit_client: 3df5a1787d64010ca56c4002959d9e47c03ba3fb
  super_native_extensions: c2795d6d9aedf4a79fae25cb6160b71b50549189
  WebRTC-SDK: 40d4f5ba05cadff14e4db5614aec402a633f007e
  window_to_front: 9e76fd432e36700a197dac86a0011e49c89abe0a

PODFILE CHECKSUM: e6d8f491c758102df95168142110fb616a12c6a9

COCOAPODS: 1.16.2
