PODS:
  - audioplayers (0.0.1):
    - FlutterMacOS
  - connectivity_plus (0.0.1):
    - FlutterMacOS
    - ReachabilitySwift
  - device_info_plus (0.0.1):
    - FlutterMacOS
  - flutter_secure_storage_macos (6.1.1):
    - FlutterMacOS
  - flutter_webrtc (0.9.25):
    - FlutterMacOS
    - WebRTC-SDK (= 104.5112.16)
  - flutter_window_close (0.0.1):
    - FlutterMacOS
  - FlutterMacOS (1.0.0)
  - irondash_engine_context (0.0.1):
    - FlutterMacOS
  - livekit_client (1.3.0):
    - FlutterMacOS
    - WebRTC-SDK (= 104.5112.16)
  - pasteboard (0.0.1):
    - FlutterMacOS
  - path_provider_foundation (0.0.1):
    - Flutter
    - FlutterMacOS
  - pdf_render (0.0.1):
    - FlutterMacOS
  - ReachabilitySwift (5.0.0)
  - rich_clipboard_macos (0.0.1):
    - FlutterMacOS
  - rive_common (0.0.1):
    - FlutterMacOS
  - shared_preferences_foundation (0.0.1):
    - Flutter
    - FlutterMacOS
  - soundpool_macos (1.0.0):
    - FlutterMacOS
  - super_native_extensions (0.0.1):
    - FlutterMacOS
  - url_launcher_macos (0.0.1):
    - FlutterMacOS
  - wakelock_macos (0.0.1):
    - FlutterMacOS
  - WebRTC-SDK (104.5112.16)

DEPENDENCIES:
  - audioplayers (from `Flutter/ephemeral/.symlinks/plugins/audioplayers/macos`)
  - connectivity_plus (from `Flutter/ephemeral/.symlinks/plugins/connectivity_plus/macos`)
  - device_info_plus (from `Flutter/ephemeral/.symlinks/plugins/device_info_plus/macos`)
  - flutter_secure_storage_macos (from `Flutter/ephemeral/.symlinks/plugins/flutter_secure_storage_macos/macos`)
  - flutter_webrtc (from `Flutter/ephemeral/.symlinks/plugins/flutter_webrtc/macos`)
  - flutter_window_close (from `Flutter/ephemeral/.symlinks/plugins/flutter_window_close/macos`)
  - FlutterMacOS (from `Flutter/ephemeral`)
  - irondash_engine_context (from `Flutter/ephemeral/.symlinks/plugins/irondash_engine_context/macos`)
  - livekit_client (from `Flutter/ephemeral/.symlinks/plugins/livekit_client/macos`)
  - pasteboard (from `Flutter/ephemeral/.symlinks/plugins/pasteboard/macos`)
  - path_provider_foundation (from `Flutter/ephemeral/.symlinks/plugins/path_provider_foundation/darwin`)
  - pdf_render (from `Flutter/ephemeral/.symlinks/plugins/pdf_render/macos`)
  - rich_clipboard_macos (from `Flutter/ephemeral/.symlinks/plugins/rich_clipboard_macos/macos`)
  - rive_common (from `Flutter/ephemeral/.symlinks/plugins/rive_common/macos`)
  - shared_preferences_foundation (from `Flutter/ephemeral/.symlinks/plugins/shared_preferences_foundation/darwin`)
  - soundpool_macos (from `Flutter/ephemeral/.symlinks/plugins/soundpool_macos/macos`)
  - super_native_extensions (from `Flutter/ephemeral/.symlinks/plugins/super_native_extensions/macos`)
  - url_launcher_macos (from `Flutter/ephemeral/.symlinks/plugins/url_launcher_macos/macos`)
  - wakelock_macos (from `Flutter/ephemeral/.symlinks/plugins/wakelock_macos/macos`)

SPEC REPOS:
  trunk:
    - ReachabilitySwift
    - WebRTC-SDK

EXTERNAL SOURCES:
  audioplayers:
    :path: Flutter/ephemeral/.symlinks/plugins/audioplayers/macos
  connectivity_plus:
    :path: Flutter/ephemeral/.symlinks/plugins/connectivity_plus/macos
  device_info_plus:
    :path: Flutter/ephemeral/.symlinks/plugins/device_info_plus/macos
  flutter_secure_storage_macos:
    :path: Flutter/ephemeral/.symlinks/plugins/flutter_secure_storage_macos/macos
  flutter_webrtc:
    :path: Flutter/ephemeral/.symlinks/plugins/flutter_webrtc/macos
  flutter_window_close:
    :path: Flutter/ephemeral/.symlinks/plugins/flutter_window_close/macos
  FlutterMacOS:
    :path: Flutter/ephemeral
  irondash_engine_context:
    :path: Flutter/ephemeral/.symlinks/plugins/irondash_engine_context/macos
  livekit_client:
    :path: Flutter/ephemeral/.symlinks/plugins/livekit_client/macos
  pasteboard:
    :path: Flutter/ephemeral/.symlinks/plugins/pasteboard/macos
  path_provider_foundation:
    :path: Flutter/ephemeral/.symlinks/plugins/path_provider_foundation/darwin
  pdf_render:
    :path: Flutter/ephemeral/.symlinks/plugins/pdf_render/macos
  rich_clipboard_macos:
    :path: Flutter/ephemeral/.symlinks/plugins/rich_clipboard_macos/macos
  rive_common:
    :path: Flutter/ephemeral/.symlinks/plugins/rive_common/macos
  shared_preferences_foundation:
    :path: Flutter/ephemeral/.symlinks/plugins/shared_preferences_foundation/darwin
  soundpool_macos:
    :path: Flutter/ephemeral/.symlinks/plugins/soundpool_macos/macos
  super_native_extensions:
    :path: Flutter/ephemeral/.symlinks/plugins/super_native_extensions/macos
  url_launcher_macos:
    :path: Flutter/ephemeral/.symlinks/plugins/url_launcher_macos/macos
  wakelock_macos:
    :path: Flutter/ephemeral/.symlinks/plugins/wakelock_macos/macos

SPEC CHECKSUMS:
  audioplayers: 8b48e22684b6e0d9df143b2d1bbd61dca9dab6b4
  connectivity_plus: 18d3c32514c886e046de60e9c13895109866c747
  device_info_plus: 5401765fde0b8d062a2f8eb65510fb17e77cf07f
  flutter_secure_storage_macos: d56e2d218c1130b262bef8b4a7d64f88d7f9c9ea
  flutter_webrtc: b84df13e005a497c20fa4d8d597f318584f0faa5
  flutter_window_close: ee4a6b81ca6fafe93b7cba48b0a18976e3f48e39
  FlutterMacOS: 8f6f14fa908a6fb3fba0cd85dbd81ec4b251fb24
  irondash_engine_context: da62996ee25616d2f01bbeb85dc115d813359478
  livekit_client: 02f8efe4f556c38eb65070e41872055d20ed0300
  pasteboard: 9b69dba6fedbb04866be632205d532fe2f6b1d99
  path_provider_foundation: eaf5b3e458fc0e5fbb9940fb09980e853fe058b8
  pdf_render: c2c4dfbd5cdb621c4f734018e52ab4546f08f3a1
  ReachabilitySwift: 985039c6f7b23a1da463388634119492ff86c825
  rich_clipboard_macos: 43364b66b9dc69d203eb8dd6d758e2d12e02723c
  rive_common: fab8476ce8352bf54152a913f393a8696d3dc98c
  shared_preferences_foundation: e2dae3258e06f44cc55f49d42024fd8dd03c590c
  soundpool_macos: 3bc0b8b238407516ad9b8afc2647670ff58124f9
  super_native_extensions: 0ba7a4de24239dd26f9b2f0aa60bd4f5f733d74b
  url_launcher_macos: 5335912b679c073563f29d89d33d10d459f95451
  wakelock_macos: bc3f2a9bd8d2e6c89fee1e1822e7ddac3bd004a9
  WebRTC-SDK: 566e58d2916cb79d770350169a449ea523f5db7c

PODFILE CHECKSUM: 61d283f386d8796fc795d6649e959779bc3c0ba9

COCOAPODS: 1.11.3
